
Microsoft Visual Studio Solution File, Format Version 12.00
# Visual Studio Version 16
VisualStudioVersion = 16.0.30717.126
MinimumVisualStudioVersion = 10.0.40219.1
Project("{FAE04EC0-301F-11D3-BF4B-00C04F79EFBC}") = "AsySalonKrasoty_Ahtyamov", "AsySalonKrasoty_Ahtyamov\AsySalonKrasoty_Ahtyamov.csproj", "{2660A0C5-8FA6-4318-9F8E-D8BB54C62621}"
EndProject
Global
	GlobalSection(SolutionConfigurationPlatforms) = preSolution
		Debug|Any CPU = Debug|Any CPU
		Release|Any CPU = Release|Any CPU
	EndGlobalSection
	GlobalSection(ProjectConfigurationPlatforms) = postSolution
		{2660A0C5-8FA6-4318-9F8E-D8BB54C62621}.Debug|Any CPU.ActiveCfg = Debug|Any CPU
		{2660A0C5-8FA6-4318-9F8E-D8BB54C62621}.Debug|Any CPU.Build.0 = Debug|Any CPU
		{2660A0C5-8FA6-4318-9F8E-D8BB54C62621}.Release|Any CPU.ActiveCfg = Release|Any CPU
		{2660A0C5-8FA6-4318-9F8E-D8BB54C62621}.Release|Any CPU.Build.0 = Release|Any CPU
	EndGlobalSection
	GlobalSection(SolutionProperties) = preSolution
		HideSolutionNode = FALSE
	EndGlobalSection
	GlobalSection(ExtensibilityGlobals) = postSolution
		SolutionGuid = {0047AAC7-7FAD-4516-BC83-18B05306329C}
	EndGlobalSection
EndGlobal
